
Microsoft Visual Studio Solution File, Format Version 12.00
# Visual Studio Version 17
VisualStudioVersion = 17.0.31903.59
MinimumVisualStudioVersion = 10.0.40219.1
Project("{9A19103F-16F7-4668-BE54-9A1E7A4F7556}") = "ApplyTest", "ApplyTest\ApplyTest.csproj", "{A8AB3803-CDF9-42E9-A59B-D7AEF3FB7D7B}"
EndProject
Project("{9A19103F-16F7-4668-BE54-9A1E7A4F7556}") = "Exporter.Abstract", "Exporter.Abstract\Exporter.Abstract.csproj", "{7E2A08CD-27AF-4FF2-BFD5-97963EB349B4}"
EndProject
Project("{9A19103F-16F7-4668-BE54-9A1E7A4F7556}") = "Exporter.Csv", "Exporter.Csv\Exporter.Csv.csproj", "{1B864961-3FED-4EEC-AA0E-3F1A501B78FB}"
EndProject
Project("{9A19103F-16F7-4668-BE54-9A1E7A4F7556}") = "Exporter.Excel", "Exporter.Excel\Exporter.Excel.csproj", "{34425773-0580-4DC3-94B9-F19C65F48E6A}"
EndProject
Global
	GlobalSection(SolutionConfigurationPlatforms) = preSolution
		Debug|Any CPU = Debug|Any CPU
		Release|Any CPU = Release|Any CPU
	EndGlobalSection
	GlobalSection(ProjectConfigurationPlatforms) = postSolution
		{A8AB3803-CDF9-42E9-A59B-D7AEF3FB7D7B}.Debug|Any CPU.ActiveCfg = Debug|Any CPU
		{A8AB3803-CDF9-42E9-A59B-D7AEF3FB7D7B}.Debug|Any CPU.Build.0 = Debug|Any CPU
		{A8AB3803-CDF9-42E9-A59B-D7AEF3FB7D7B}.Release|Any CPU.ActiveCfg = Release|Any CPU
		{A8AB3803-CDF9-42E9-A59B-D7AEF3FB7D7B}.Release|Any CPU.Build.0 = Release|Any CPU
		{7E2A08CD-27AF-4FF2-BFD5-97963EB349B4}.Debug|Any CPU.ActiveCfg = Debug|Any CPU
		{7E2A08CD-27AF-4FF2-BFD5-97963EB349B4}.Debug|Any CPU.Build.0 = Debug|Any CPU
		{7E2A08CD-27AF-4FF2-BFD5-97963EB349B4}.Release|Any CPU.ActiveCfg = Release|Any CPU
		{7E2A08CD-27AF-4FF2-BFD5-97963EB349B4}.Release|Any CPU.Build.0 = Release|Any CPU
		{1B864961-3FED-4EEC-AA0E-3F1A501B78FB}.Debug|Any CPU.ActiveCfg = Debug|Any CPU
		{1B864961-3FED-4EEC-AA0E-3F1A501B78FB}.Debug|Any CPU.Build.0 = Debug|Any CPU
		{1B864961-3FED-4EEC-AA0E-3F1A501B78FB}.Release|Any CPU.ActiveCfg = Release|Any CPU
		{1B864961-3FED-4EEC-AA0E-3F1A501B78FB}.Release|Any CPU.Build.0 = Release|Any CPU
		{34425773-0580-4DC3-94B9-F19C65F48E6A}.Debug|Any CPU.ActiveCfg = Debug|Any CPU
		{34425773-0580-4DC3-94B9-F19C65F48E6A}.Debug|Any CPU.Build.0 = Debug|Any CPU
		{34425773-0580-4DC3-94B9-F19C65F48E6A}.Release|Any CPU.ActiveCfg = Release|Any CPU
		{34425773-0580-4DC3-94B9-F19C65F48E6A}.Release|Any CPU.Build.0 = Release|Any CPU
	EndGlobalSection
	GlobalSection(SolutionProperties) = preSolution
		HideSolutionNode = FALSE
	EndGlobalSection
	GlobalSection(ExtensibilityGlobals) = postSolution
		SolutionGuid = {48F8DDEA-66CF-41BF-9813-A1C886531683}
	EndGlobalSection
EndGlobal
